
Microsoft Visual Studio Solution File, Format Version 12.00
# Visual Studio Version 16
VisualStudioVersion = 16.0.31205.134
MinimumVisualStudioVersion = 10.0.40219.1
Project("{F184B08F-C81C-45F6-A57F-5ABD9991F28F}") = "2019907585_CUBRECAMAS", "2019907585_CUBRECAMAS\2019907585_CUBRECAMAS.vbproj", "{B7A387B4-AD51-4A59-8DC6-3E8A8ABD005F}"
EndProject
Global
	GlobalSection(SolutionConfigurationPlatforms) = preSolution
		Debug|Any CPU = Debug|Any CPU
		Release|Any CPU = Release|Any CPU
	EndGlobalSection
	GlobalSection(ProjectConfigurationPlatforms) = postSolution
		{B7A387B4-AD51-4A59-8DC6-3E8A8ABD005F}.Debug|Any CPU.ActiveCfg = Debug|Any CPU
		{B7A387B4-AD51-4A59-8DC6-3E8A8ABD005F}.Debug|Any CPU.Build.0 = Debug|Any CPU
		{B7A387B4-AD51-4A59-8DC6-3E8A8ABD005F}.Release|Any CPU.ActiveCfg = Release|Any CPU
		{B7A387B4-AD51-4A59-8DC6-3E8A8ABD005F}.Release|Any CPU.Build.0 = Release|Any CPU
	EndGlobalSection
	GlobalSection(SolutionProperties) = preSolution
		HideSolutionNode = FALSE
	EndGlobalSection
	GlobalSection(ExtensibilityGlobals) = postSolution
		SolutionGuid = {E07476B0-9E08-4DAB-9DE5-1249266A75FE}
	EndGlobalSection
EndGlobal
