
Microsoft Visual Studio Solution File, Format Version 12.00
# Visual Studio Version 16
VisualStudioVersion = 16.0.31205.134
MinimumVisualStudioVersion = 10.0.40219.1
Project("{F184B08F-C81C-45F6-A57F-5ABD9991F28F}") = "8-2-2021-CLASEEJEMPLO1", "8-2-2021-CLASEEJEMPLO1\8-2-2021-CLASEEJEMPLO1.vbproj", "{840817BA-7A4A-4DD9-9A66-659A8350A966}"
EndProject
Global
	GlobalSection(SolutionConfigurationPlatforms) = preSolution
		Debug|Any CPU = Debug|Any CPU
		Release|Any CPU = Release|Any CPU
	EndGlobalSection
	GlobalSection(ProjectConfigurationPlatforms) = postSolution
		{840817BA-7A4A-4DD9-9A66-659A8350A966}.Debug|Any CPU.ActiveCfg = Debug|Any CPU
		{840817BA-7A4A-4DD9-9A66-659A8350A966}.Debug|Any CPU.Build.0 = Debug|Any CPU
		{840817BA-7A4A-4DD9-9A66-659A8350A966}.Release|Any CPU.ActiveCfg = Release|Any CPU
		{840817BA-7A4A-4DD9-9A66-659A8350A966}.Release|Any CPU.Build.0 = Release|Any CPU
	EndGlobalSection
	GlobalSection(SolutionProperties) = preSolution
		HideSolutionNode = FALSE
	EndGlobalSection
	GlobalSection(ExtensibilityGlobals) = postSolution
		SolutionGuid = {4B296596-1DE4-4449-BC9A-B2383BE0B7A2}
	EndGlobalSection
EndGlobal
