
Microsoft Visual Studio Solution File, Format Version 12.00
# Visual Studio Version 16
VisualStudioVersion = 16.0.31205.134
MinimumVisualStudioVersion = 10.0.40219.1
Project("{F184B08F-C81C-45F6-A57F-5ABD9991F28F}") = "201907585_RENTAAUTOS", "201907585_RENTAAUTOS\201907585_RENTAAUTOS.vbproj", "{F50F112E-09DB-4315-8F0E-7F378B6EB47D}"
EndProject
Global
	GlobalSection(SolutionConfigurationPlatforms) = preSolution
		Debug|Any CPU = Debug|Any CPU
		Release|Any CPU = Release|Any CPU
	EndGlobalSection
	GlobalSection(ProjectConfigurationPlatforms) = postSolution
		{F50F112E-09DB-4315-8F0E-7F378B6EB47D}.Debug|Any CPU.ActiveCfg = Debug|Any CPU
		{F50F112E-09DB-4315-8F0E-7F378B6EB47D}.Debug|Any CPU.Build.0 = Debug|Any CPU
		{F50F112E-09DB-4315-8F0E-7F378B6EB47D}.Release|Any CPU.ActiveCfg = Release|Any CPU
		{F50F112E-09DB-4315-8F0E-7F378B6EB47D}.Release|Any CPU.Build.0 = Release|Any CPU
	EndGlobalSection
	GlobalSection(SolutionProperties) = preSolution
		HideSolutionNode = FALSE
	EndGlobalSection
	GlobalSection(ExtensibilityGlobals) = postSolution
		SolutionGuid = {64C802CE-2F6F-4895-842E-DFAEC2515021}
	EndGlobalSection
EndGlobal
