
Microsoft Visual Studio Solution File, Format Version 12.00
# Visual Studio Version 16
VisualStudioVersion = 16.0.31205.134
MinimumVisualStudioVersion = 10.0.40219.1
Project("{F184B08F-C81C-45F6-A57F-5ABD9991F28F}") = "201907585_Cubrecamas", "201907585_Cubrecamas\201907585_Cubrecamas.vbproj", "{4D9BC3A6-B95E-4AD3-A95B-B0973714FFA8}"
EndProject
Global
	GlobalSection(SolutionConfigurationPlatforms) = preSolution
		Debug|Any CPU = Debug|Any CPU
		Release|Any CPU = Release|Any CPU
	EndGlobalSection
	GlobalSection(ProjectConfigurationPlatforms) = postSolution
		{4D9BC3A6-B95E-4AD3-A95B-B0973714FFA8}.Debug|Any CPU.ActiveCfg = Debug|Any CPU
		{4D9BC3A6-B95E-4AD3-A95B-B0973714FFA8}.Debug|Any CPU.Build.0 = Debug|Any CPU
		{4D9BC3A6-B95E-4AD3-A95B-B0973714FFA8}.Release|Any CPU.ActiveCfg = Release|Any CPU
		{4D9BC3A6-B95E-4AD3-A95B-B0973714FFA8}.Release|Any CPU.Build.0 = Release|Any CPU
	EndGlobalSection
	GlobalSection(SolutionProperties) = preSolution
		HideSolutionNode = FALSE
	EndGlobalSection
	GlobalSection(ExtensibilityGlobals) = postSolution
		SolutionGuid = {B2008163-E88F-448C-A03E-6E9A79014457}
	EndGlobalSection
EndGlobal
